// !$*UTF8*$!
{
	archiveVersion = 1;
	classes = {
	};
	objectVersion = 46;
	objects = {

/* Begin PBXBuildFile section */
		766B9F9E18FAC0FE00BF2AB2 /* AFHTTPSessionManager+BKRequest.m in Sources */ = {isa = PBXBuildFile; fileRef = 766B9F9D18FAC0FE00BF2AB2 /* AFHTTPSessionManager+BKRequest.m */; };
		76D2560C18CF5240006C3BF8 /* Foundation.framework in Frameworks */ = {isa = PBXBuildFile; fileRef = 76D2560B18CF5240006C3BF8 /* Foundation.framework */; };
		76D2561A18CF5240006C3BF8 /* XCTest.framework in Frameworks */ = {isa = PBXBuildFile; fileRef = 76D2561918CF5240006C3BF8 /* XCTest.framework */; };
		76D2561B18CF5240006C3BF8 /* Foundation.framework in Frameworks */ = {isa = PBXBuildFile; fileRef = 76D2560B18CF5240006C3BF8 /* Foundation.framework */; };
		76D2561D18CF5240006C3BF8 /* UIKit.framework in Frameworks */ = {isa = PBXBuildFile; fileRef = 76D2561C18CF5240006C3BF8 /* UIKit.framework */; };
		76D2562018CF5240006C3BF8 /* libBifubaoKit.a in Frameworks */ = {isa = PBXBuildFile; fileRef = 76D2560818CF5240006C3BF8 /* libBifubaoKit.a */; };
		76D2562618CF5240006C3BF8 /* InfoPlist.strings in Resources */ = {isa = PBXBuildFile; fileRef = 76D2562418CF5240006C3BF8 /* InfoPlist.strings */; };
		76D2562818CF5240006C3BF8 /* BifubaoKitTests.m in Sources */ = {isa = PBXBuildFile; fileRef = 76D2562718CF5240006C3BF8 /* BifubaoKitTests.m */; };
		76D2564618CF56EC006C3BF8 /* AFHTTPRequestOperation.m in Sources */ = {isa = PBXBuildFile; fileRef = 76D2563418CF56EC006C3BF8 /* AFHTTPRequestOperation.m */; };
		76D2564718CF56EC006C3BF8 /* AFHTTPRequestOperation.m in Sources */ = {isa = PBXBuildFile; fileRef = 76D2563418CF56EC006C3BF8 /* AFHTTPRequestOperation.m */; };
		76D2564818CF56EC006C3BF8 /* AFHTTPRequestOperationManager.m in Sources */ = {isa = PBXBuildFile; fileRef = 76D2563618CF56EC006C3BF8 /* AFHTTPRequestOperationManager.m */; };
		76D2564918CF56EC006C3BF8 /* AFHTTPRequestOperationManager.m in Sources */ = {isa = PBXBuildFile; fileRef = 76D2563618CF56EC006C3BF8 /* AFHTTPRequestOperationManager.m */; };
		76D2564A18CF56EC006C3BF8 /* AFHTTPSessionManager.m in Sources */ = {isa = PBXBuildFile; fileRef = 76D2563818CF56EC006C3BF8 /* AFHTTPSessionManager.m */; };
		76D2564B18CF56EC006C3BF8 /* AFHTTPSessionManager.m in Sources */ = {isa = PBXBuildFile; fileRef = 76D2563818CF56EC006C3BF8 /* AFHTTPSessionManager.m */; };
		76D2564C18CF56EC006C3BF8 /* AFNetworkReachabilityManager.m in Sources */ = {isa = PBXBuildFile; fileRef = 76D2563B18CF56EC006C3BF8 /* AFNetworkReachabilityManager.m */; };
		76D2564D18CF56EC006C3BF8 /* AFNetworkReachabilityManager.m in Sources */ = {isa = PBXBuildFile; fileRef = 76D2563B18CF56EC006C3BF8 /* AFNetworkReachabilityManager.m */; };
		76D2564E18CF56EC006C3BF8 /* AFSecurityPolicy.m in Sources */ = {isa = PBXBuildFile; fileRef = 76D2563D18CF56EC006C3BF8 /* AFSecurityPolicy.m */; };
		76D2564F18CF56EC006C3BF8 /* AFSecurityPolicy.m in Sources */ = {isa = PBXBuildFile; fileRef = 76D2563D18CF56EC006C3BF8 /* AFSecurityPolicy.m */; };
		76D2565018CF56EC006C3BF8 /* AFURLConnectionOperation.m in Sources */ = {isa = PBXBuildFile; fileRef = 76D2563F18CF56EC006C3BF8 /* AFURLConnectionOperation.m */; };
		76D2565118CF56EC006C3BF8 /* AFURLConnectionOperation.m in Sources */ = {isa = PBXBuildFile; fileRef = 76D2563F18CF56EC006C3BF8 /* AFURLConnectionOperation.m */; };
		76D2565218CF56EC006C3BF8 /* AFURLRequestSerialization.m in Sources */ = {isa = PBXBuildFile; fileRef = 76D2564118CF56EC006C3BF8 /* AFURLRequestSerialization.m */; };
		76D2565318CF56EC006C3BF8 /* AFURLRequestSerialization.m in Sources */ = {isa = PBXBuildFile; fileRef = 76D2564118CF56EC006C3BF8 /* AFURLRequestSerialization.m */; };
		76D2565418CF56EC006C3BF8 /* AFURLResponseSerialization.m in Sources */ = {isa = PBXBuildFile; fileRef = 76D2564318CF56EC006C3BF8 /* AFURLResponseSerialization.m */; };
		76D2565518CF56EC006C3BF8 /* AFURLResponseSerialization.m in Sources */ = {isa = PBXBuildFile; fileRef = 76D2564318CF56EC006C3BF8 /* AFURLResponseSerialization.m */; };
		76D2565618CF56EC006C3BF8 /* AFURLSessionManager.m in Sources */ = {isa = PBXBuildFile; fileRef = 76D2564518CF56EC006C3BF8 /* AFURLSessionManager.m */; };
		76D2565718CF56EC006C3BF8 /* AFURLSessionManager.m in Sources */ = {isa = PBXBuildFile; fileRef = 76D2564518CF56EC006C3BF8 /* AFURLSessionManager.m */; };
		76D2565B18CF58F6006C3BF8 /* BKAPIEngine.m in Sources */ = {isa = PBXBuildFile; fileRef = 76D2565A18CF58F6006C3BF8 /* BKAPIEngine.m */; };
		76D2565C18CF58F6006C3BF8 /* BKAPIEngine.m in Sources */ = {isa = PBXBuildFile; fileRef = 76D2565A18CF58F6006C3BF8 /* BKAPIEngine.m */; };
		76D2565F18CF593B006C3BF8 /* BKResponse.m in Sources */ = {isa = PBXBuildFile; fileRef = 76D2565E18CF593B006C3BF8 /* BKResponse.m */; };
		76D2566018CF593B006C3BF8 /* BKResponse.m in Sources */ = {isa = PBXBuildFile; fileRef = 76D2565E18CF593B006C3BF8 /* BKResponse.m */; };
		76D2566618CF5D04006C3BF8 /* BKAPIEngine+User.m in Sources */ = {isa = PBXBuildFile; fileRef = 76D2566518CF5D04006C3BF8 /* BKAPIEngine+User.m */; };
		76D2566718CF5D04006C3BF8 /* BKAPIEngine+User.m in Sources */ = {isa = PBXBuildFile; fileRef = 76D2566518CF5D04006C3BF8 /* BKAPIEngine+User.m */; };
		76D2566B18CF5EE0006C3BF8 /* BKUser.m in Sources */ = {isa = PBXBuildFile; fileRef = 76D2566A18CF5EE0006C3BF8 /* BKUser.m */; };
		76D2566C18CF5EE0006C3BF8 /* BKUser.m in Sources */ = {isa = PBXBuildFile; fileRef = 76D2566A18CF5EE0006C3BF8 /* BKUser.m */; };
		76D2567018CF61A7006C3BF8 /* NSString+Date.m in Sources */ = {isa = PBXBuildFile; fileRef = 76D2566F18CF61A7006C3BF8 /* NSString+Date.m */; };
		76D2567118CF61A7006C3BF8 /* NSString+Date.m in Sources */ = {isa = PBXBuildFile; fileRef = 76D2566F18CF61A7006C3BF8 /* NSString+Date.m */; };
		76D2567418CF6388006C3BF8 /* BKSession.m in Sources */ = {isa = PBXBuildFile; fileRef = 76D2567318CF6388006C3BF8 /* BKSession.m */; };
		76D2567518CF6388006C3BF8 /* BKSession.m in Sources */ = {isa = PBXBuildFile; fileRef = 76D2567318CF6388006C3BF8 /* BKSession.m */; };
		76D2567A18CF6804006C3BF8 /* BKAPIEngine+Phone.m in Sources */ = {isa = PBXBuildFile; fileRef = 76D2567918CF6804006C3BF8 /* BKAPIEngine+Phone.m */; };
		76D2567B18CF6804006C3BF8 /* BKAPIEngine+Phone.m in Sources */ = {isa = PBXBuildFile; fileRef = 76D2567918CF6804006C3BF8 /* BKAPIEngine+Phone.m */; };
		76D2567E18CF681A006C3BF8 /* BKAPIEngine+App.m in Sources */ = {isa = PBXBuildFile; fileRef = 76D2567D18CF681A006C3BF8 /* BKAPIEngine+App.m */; };
		76D2567F18CF681A006C3BF8 /* BKAPIEngine+App.m in Sources */ = {isa = PBXBuildFile; fileRef = 76D2567D18CF681A006C3BF8 /* BKAPIEngine+App.m */; };
		76D2568218CF6832006C3BF8 /* BKAPIEngine+TX.m in Sources */ = {isa = PBXBuildFile; fileRef = 76D2568118CF6832006C3BF8 /* BKAPIEngine+TX.m */; };
		76D2568318CF6832006C3BF8 /* BKAPIEngine+TX.m in Sources */ = {isa = PBXBuildFile; fileRef = 76D2568118CF6832006C3BF8 /* BKAPIEngine+TX.m */; };
		76D2568618CF6846006C3BF8 /* BKAPIEngine+Exchange.m in Sources */ = {isa = PBXBuildFile; fileRef = 76D2568518CF6846006C3BF8 /* BKAPIEngine+Exchange.m */; };
		76D2568718CF6846006C3BF8 /* BKAPIEngine+Exchange.m in Sources */ = {isa = PBXBuildFile; fileRef = 76D2568518CF6846006C3BF8 /* BKAPIEngine+Exchange.m */; };
		76D2568A18CF685B006C3BF8 /* BKAPIEngine+Contact.m in Sources */ = {isa = PBXBuildFile; fileRef = 76D2568918CF685B006C3BF8 /* BKAPIEngine+Contact.m */; };
		76D2568B18CF685B006C3BF8 /* BKAPIEngine+Contact.m in Sources */ = {isa = PBXBuildFile; fileRef = 76D2568918CF685B006C3BF8 /* BKAPIEngine+Contact.m */; };
		76D2568E18CF6873006C3BF8 /* BKAPIEngine+Address.m in Sources */ = {isa = PBXBuildFile; fileRef = 76D2568D18CF6873006C3BF8 /* BKAPIEngine+Address.m */; };
		76D2568F18CF6873006C3BF8 /* BKAPIEngine+Address.m in Sources */ = {isa = PBXBuildFile; fileRef = 76D2568D18CF6873006C3BF8 /* BKAPIEngine+Address.m */; };
		76D2569218CF6883006C3BF8 /* BKAPIEngine+Order.m in Sources */ = {isa = PBXBuildFile; fileRef = 76D2569118CF6883006C3BF8 /* BKAPIEngine+Order.m */; };
		76D2569318CF6883006C3BF8 /* BKAPIEngine+Order.m in Sources */ = {isa = PBXBuildFile; fileRef = 76D2569118CF6883006C3BF8 /* BKAPIEngine+Order.m */; };
		76D2569618CF6893006C3BF8 /* BKAPIEngine+Product.m in Sources */ = {isa = PBXBuildFile; fileRef = 76D2569518CF6893006C3BF8 /* BKAPIEngine+Product.m */; };
		76D2569718CF6893006C3BF8 /* BKAPIEngine+Product.m in Sources */ = {isa = PBXBuildFile; fileRef = 76D2569518CF6893006C3BF8 /* BKAPIEngine+Product.m */; };
		76D256A518CF69A0006C3BF8 /* BKRequest.m in Sources */ = {isa = PBXBuildFile; fileRef = 76D256A418CF69A0006C3BF8 /* BKRequest.m */; };
		76D256A618CF69A0006C3BF8 /* BKRequest.m in Sources */ = {isa = PBXBuildFile; fileRef = 76D256A418CF69A0006C3BF8 /* BKRequest.m */; };
/* End PBXBuildFile section */

/* Begin PBXContainerItemProxy section */
		76D2561E18CF5240006C3BF8 /* PBXContainerItemProxy */ = {
			isa = PBXContainerItemProxy;
			containerPortal = 76D2560018CF5240006C3BF8 /* Project object */;
			proxyType = 1;
			remoteGlobalIDString = 76D2560718CF5240006C3BF8;
			remoteInfo = BifubaoKit;
		};
/* End PBXContainerItemProxy section */

/* Begin PBXCopyFilesBuildPhase section */
		76D2560618CF5240006C3BF8 /* CopyFiles */ = {
			isa = PBXCopyFilesBuildPhase;
			buildActionMask = 2147483647;
			dstPath = "include/$(PRODUCT_NAME)";
			dstSubfolderSpec = 16;
			files = (
			);
			runOnlyForDeploymentPostprocessing = 0;
		};
/* End PBXCopyFilesBuildPhase section */

/* Begin PBXFileReference section */
		766B9F9C18FAC0FE00BF2AB2 /* AFHTTPSessionManager+BKRequest.h */ = {isa = PBXFileReference; fileEncoding = 4; lastKnownFileType = sourcecode.c.h; path = "AFHTTPSessionManager+BKRequest.h"; sourceTree = "<group>"; };
		766B9F9D18FAC0FE00BF2AB2 /* AFHTTPSessionManager+BKRequest.m */ = {isa = PBXFileReference; fileEncoding = 4; lastKnownFileType = sourcecode.c.objc; path = "AFHTTPSessionManager+BKRequest.m"; sourceTree = "<group>"; };
		76D2560818CF5240006C3BF8 /* libBifubaoKit.a */ = {isa = PBXFileReference; explicitFileType = archive.ar; includeInIndex = 0; path = libBifubaoKit.a; sourceTree = BUILT_PRODUCTS_DIR; };
		76D2560B18CF5240006C3BF8 /* Foundation.framework */ = {isa = PBXFileReference; lastKnownFileType = wrapper.framework; name = Foundation.framework; path = System/Library/Frameworks/Foundation.framework; sourceTree = SDKROOT; };
		76D2560F18CF5240006C3BF8 /* BifubaoKit-Prefix.pch */ = {isa = PBXFileReference; lastKnownFileType = sourcecode.c.h; path = "BifubaoKit-Prefix.pch"; sourceTree = "<group>"; };
		76D2561818CF5240006C3BF8 /* BifubaoKitTests.xctest */ = {isa = PBXFileReference; explicitFileType = wrapper.cfbundle; includeInIndex = 0; path = BifubaoKitTests.xctest; sourceTree = BUILT_PRODUCTS_DIR; };
		76D2561918CF5240006C3BF8 /* XCTest.framework */ = {isa = PBXFileReference; lastKnownFileType = wrapper.framework; name = XCTest.framework; path = Library/Frameworks/XCTest.framework; sourceTree = DEVELOPER_DIR; };
		76D2561C18CF5240006C3BF8 /* UIKit.framework */ = {isa = PBXFileReference; lastKnownFileType = wrapper.framework; name = UIKit.framework; path = Library/Frameworks/UIKit.framework; sourceTree = DEVELOPER_DIR; };
		76D2562318CF5240006C3BF8 /* BifubaoKitTests-Info.plist */ = {isa = PBXFileReference; lastKnownFileType = text.plist.xml; path = "BifubaoKitTests-Info.plist"; sourceTree = "<group>"; };
		76D2562518CF5240006C3BF8 /* en */ = {isa = PBXFileReference; lastKnownFileType = text.plist.strings; name = en; path = en.lproj/InfoPlist.strings; sourceTree = "<group>"; };
		76D2562718CF5240006C3BF8 /* BifubaoKitTests.m */ = {isa = PBXFileReference; lastKnownFileType = sourcecode.c.objc; path = BifubaoKitTests.m; sourceTree = "<group>"; };
		76D2563318CF56EC006C3BF8 /* AFHTTPRequestOperation.h */ = {isa = PBXFileReference; fileEncoding = 4; lastKnownFileType = sourcecode.c.h; path = AFHTTPRequestOperation.h; sourceTree = "<group>"; };
		76D2563418CF56EC006C3BF8 /* AFHTTPRequestOperation.m */ = {isa = PBXFileReference; fileEncoding = 4; lastKnownFileType = sourcecode.c.objc; path = AFHTTPRequestOperation.m; sourceTree = "<group>"; };
		76D2563518CF56EC006C3BF8 /* AFHTTPRequestOperationManager.h */ = {isa = PBXFileReference; fileEncoding = 4; lastKnownFileType = sourcecode.c.h; path = AFHTTPRequestOperationManager.h; sourceTree = "<group>"; };
		76D2563618CF56EC006C3BF8 /* AFHTTPRequestOperationManager.m */ = {isa = PBXFileReference; fileEncoding = 4; lastKnownFileType = sourcecode.c.objc; path = AFHTTPRequestOperationManager.m; sourceTree = "<group>"; };
		76D2563718CF56EC006C3BF8 /* AFHTTPSessionManager.h */ = {isa = PBXFileReference; fileEncoding = 4; lastKnownFileType = sourcecode.c.h; path = AFHTTPSessionManager.h; sourceTree = "<group>"; };
		76D2563818CF56EC006C3BF8 /* AFHTTPSessionManager.m */ = {isa = PBXFileReference; fileEncoding = 4; lastKnownFileType = sourcecode.c.objc; path = AFHTTPSessionManager.m; sourceTree = "<group>"; };
		76D2563918CF56EC006C3BF8 /* AFNetworking.h */ = {isa = PBXFileReference; fileEncoding = 4; lastKnownFileType = sourcecode.c.h; path = AFNetworking.h; sourceTree = "<group>"; };
		76D2563A18CF56EC006C3BF8 /* AFNetworkReachabilityManager.h */ = {isa = PBXFileReference; fileEncoding = 4; lastKnownFileType = sourcecode.c.h; path = AFNetworkReachabilityManager.h; sourceTree = "<group>"; };
		76D2563B18CF56EC006C3BF8 /* AFNetworkReachabilityManager.m */ = {isa = PBXFileReference; fileEncoding = 4; lastKnownFileType = sourcecode.c.objc; path = AFNetworkReachabilityManager.m; sourceTree = "<group>"; };
		76D2563C18CF56EC006C3BF8 /* AFSecurityPolicy.h */ = {isa = PBXFileReference; fileEncoding = 4; lastKnownFileType = sourcecode.c.h; path = AFSecurityPolicy.h; sourceTree = "<group>"; };
		76D2563D18CF56EC006C3BF8 /* AFSecurityPolicy.m */ = {isa = PBXFileReference; fileEncoding = 4; lastKnownFileType = sourcecode.c.objc; path = AFSecurityPolicy.m; sourceTree = "<group>"; };
		76D2563E18CF56EC006C3BF8 /* AFURLConnectionOperation.h */ = {isa = PBXFileReference; fileEncoding = 4; lastKnownFileType = sourcecode.c.h; path = AFURLConnectionOperation.h; sourceTree = "<group>"; };
		76D2563F18CF56EC006C3BF8 /* AFURLConnectionOperation.m */ = {isa = PBXFileReference; fileEncoding = 4; lastKnownFileType = sourcecode.c.objc; path = AFURLConnectionOperation.m; sourceTree = "<group>"; };
		76D2564018CF56EC006C3BF8 /* AFURLRequestSerialization.h */ = {isa = PBXFileReference; fileEncoding = 4; lastKnownFileType = sourcecode.c.h; path = AFURLRequestSerialization.h; sourceTree = "<group>"; };
		76D2564118CF56EC006C3BF8 /* AFURLRequestSerialization.m */ = {isa = PBXFileReference; fileEncoding = 4; lastKnownFileType = sourcecode.c.objc; path = AFURLRequestSerialization.m; sourceTree = "<group>"; };
		76D2564218CF56EC006C3BF8 /* AFURLResponseSerialization.h */ = {isa = PBXFileReference; fileEncoding = 4; lastKnownFileType = sourcecode.c.h; path = AFURLResponseSerialization.h; sourceTree = "<group>"; };
		76D2564318CF56EC006C3BF8 /* AFURLResponseSerialization.m */ = {isa = PBXFileReference; fileEncoding = 4; lastKnownFileType = sourcecode.c.objc; path = AFURLResponseSerialization.m; sourceTree = "<group>"; };
		76D2564418CF56EC006C3BF8 /* AFURLSessionManager.h */ = {isa = PBXFileReference; fileEncoding = 4; lastKnownFileType = sourcecode.c.h; path = AFURLSessionManager.h; sourceTree = "<group>"; };
		76D2564518CF56EC006C3BF8 /* AFURLSessionManager.m */ = {isa = PBXFileReference; fileEncoding = 4; lastKnownFileType = sourcecode.c.objc; path = AFURLSessionManager.m; sourceTree = "<group>"; };
		76D2565818CF5886006C3BF8 /* BifubaoKit.h */ = {isa = PBXFileReference; fileEncoding = 4; lastKnownFileType = sourcecode.c.h; path = BifubaoKit.h; sourceTree = "<group>"; };
		76D2565918CF58F6006C3BF8 /* BKAPIEngine.h */ = {isa = PBXFileReference; fileEncoding = 4; lastKnownFileType = sourcecode.c.h; path = BKAPIEngine.h; sourceTree = "<group>"; };
		76D2565A18CF58F6006C3BF8 /* BKAPIEngine.m */ = {isa = PBXFileReference; fileEncoding = 4; lastKnownFileType = sourcecode.c.objc; path = BKAPIEngine.m; sourceTree = "<group>"; };
		76D2565D18CF593B006C3BF8 /* BKResponse.h */ = {isa = PBXFileReference; fileEncoding = 4; lastKnownFileType = sourcecode.c.h; path = BKResponse.h; sourceTree = "<group>"; };
		76D2565E18CF593B006C3BF8 /* BKResponse.m */ = {isa = PBXFileReference; fileEncoding = 4; lastKnownFileType = sourcecode.c.objc; path = BKResponse.m; sourceTree = "<group>"; };
		76D2566318CF5C87006C3BF8 /* BKMacroDefines.h */ = {isa = PBXFileReference; fileEncoding = 4; lastKnownFileType = sourcecode.c.h; path = BKMacroDefines.h; sourceTree = "<group>"; };
		76D2566418CF5D04006C3BF8 /* BKAPIEngine+User.h */ = {isa = PBXFileReference; fileEncoding = 4; lastKnownFileType = sourcecode.c.h; path = "BKAPIEngine+User.h"; sourceTree = "<group>"; };
		76D2566518CF5D04006C3BF8 /* BKAPIEngine+User.m */ = {isa = PBXFileReference; fileEncoding = 4; lastKnownFileType = sourcecode.c.objc; path = "BKAPIEngine+User.m"; sourceTree = "<group>"; };
		76D2566918CF5EE0006C3BF8 /* BKUser.h */ = {isa = PBXFileReference; fileEncoding = 4; lastKnownFileType = sourcecode.c.h; path = BKUser.h; sourceTree = "<group>"; };
		76D2566A18CF5EE0006C3BF8 /* BKUser.m */ = {isa = PBXFileReference; fileEncoding = 4; lastKnownFileType = sourcecode.c.objc; path = BKUser.m; sourceTree = "<group>"; };
		76D2566E18CF61A7006C3BF8 /* NSString+Date.h */ = {isa = PBXFileReference; fileEncoding = 4; lastKnownFileType = sourcecode.c.h; path = "NSString+Date.h"; sourceTree = "<group>"; };
		76D2566F18CF61A7006C3BF8 /* NSString+Date.m */ = {isa = PBXFileReference; fileEncoding = 4; lastKnownFileType = sourcecode.c.objc; path = "NSString+Date.m"; sourceTree = "<group>"; };
		76D2567218CF6388006C3BF8 /* BKSession.h */ = {isa = PBXFileReference; fileEncoding = 4; lastKnownFileType = sourcecode.c.h; path = BKSession.h; sourceTree = "<group>"; };
		76D2567318CF6388006C3BF8 /* BKSession.m */ = {isa = PBXFileReference; fileEncoding = 4; lastKnownFileType = sourcecode.c.objc; path = BKSession.m; sourceTree = "<group>"; };
		76D2567618CF674D006C3BF8 /* BKObjectDefines.h */ = {isa = PBXFileReference; fileEncoding = 4; lastKnownFileType = sourcecode.c.h; path = BKObjectDefines.h; sourceTree = "<group>"; };
		76D2567718CF6789006C3BF8 /* BKAPIEngineDefines.h */ = {isa = PBXFileReference; fileEncoding = 4; lastKnownFileType = sourcecode.c.h; path = BKAPIEngineDefines.h; sourceTree = "<group>"; };
		76D2567818CF6804006C3BF8 /* BKAPIEngine+Phone.h */ = {isa = PBXFileReference; fileEncoding = 4; lastKnownFileType = sourcecode.c.h; path = "BKAPIEngine+Phone.h"; sourceTree = "<group>"; };
		76D2567918CF6804006C3BF8 /* BKAPIEngine+Phone.m */ = {isa = PBXFileReference; fileEncoding = 4; lastKnownFileType = sourcecode.c.objc; path = "BKAPIEngine+Phone.m"; sourceTree = "<group>"; };
		76D2567C18CF681A006C3BF8 /* BKAPIEngine+App.h */ = {isa = PBXFileReference; fileEncoding = 4; lastKnownFileType = sourcecode.c.h; path = "BKAPIEngine+App.h"; sourceTree = "<group>"; };
		76D2567D18CF681A006C3BF8 /* BKAPIEngine+App.m */ = {isa = PBXFileReference; fileEncoding = 4; lastKnownFileType = sourcecode.c.objc; path = "BKAPIEngine+App.m"; sourceTree = "<group>"; };
		76D2568018CF6832006C3BF8 /* BKAPIEngine+TX.h */ = {isa = PBXFileReference; fileEncoding = 4; lastKnownFileType = sourcecode.c.h; path = "BKAPIEngine+TX.h"; sourceTree = "<group>"; };
		76D2568118CF6832006C3BF8 /* BKAPIEngine+TX.m */ = {isa = PBXFileReference; fileEncoding = 4; lastKnownFileType = sourcecode.c.objc; path = "BKAPIEngine+TX.m"; sourceTree = "<group>"; };
		76D2568418CF6846006C3BF8 /* BKAPIEngine+Exchange.h */ = {isa = PBXFileReference; fileEncoding = 4; lastKnownFileType = sourcecode.c.h; path = "BKAPIEngine+Exchange.h"; sourceTree = "<group>"; };
		76D2568518CF6846006C3BF8 /* BKAPIEngine+Exchange.m */ = {isa = PBXFileReference; fileEncoding = 4; lastKnownFileType = sourcecode.c.objc; path = "BKAPIEngine+Exchange.m"; sourceTree = "<group>"; };
		76D2568818CF685B006C3BF8 /* BKAPIEngine+Contact.h */ = {isa = PBXFileReference; fileEncoding = 4; lastKnownFileType = sourcecode.c.h; path = "BKAPIEngine+Contact.h"; sourceTree = "<group>"; };
		76D2568918CF685B006C3BF8 /* BKAPIEngine+Contact.m */ = {isa = PBXFileReference; fileEncoding = 4; lastKnownFileType = sourcecode.c.objc; path = "BKAPIEngine+Contact.m"; sourceTree = "<group>"; };
		76D2568C18CF6873006C3BF8 /* BKAPIEngine+Address.h */ = {isa = PBXFileReference; fileEncoding = 4; lastKnownFileType = sourcecode.c.h; path = "BKAPIEngine+Address.h"; sourceTree = "<group>"; };
		76D2568D18CF6873006C3BF8 /* BKAPIEngine+Address.m */ = {isa = PBXFileReference; fileEncoding = 4; lastKnownFileType = sourcecode.c.objc; path = "BKAPIEngine+Address.m"; sourceTree = "<group>"; };
		76D2569018CF6883006C3BF8 /* BKAPIEngine+Order.h */ = {isa = PBXFileReference; fileEncoding = 4; lastKnownFileType = sourcecode.c.h; path = "BKAPIEngine+Order.h"; sourceTree = "<group>"; };
		76D2569118CF6883006C3BF8 /* BKAPIEngine+Order.m */ = {isa = PBXFileReference; fileEncoding = 4; lastKnownFileType = sourcecode.c.objc; path = "BKAPIEngine+Order.m"; sourceTree = "<group>"; };
		76D2569418CF6893006C3BF8 /* BKAPIEngine+Product.h */ = {isa = PBXFileReference; fileEncoding = 4; lastKnownFileType = sourcecode.c.h; path = "BKAPIEngine+Product.h"; sourceTree = "<group>"; };
		76D2569518CF6893006C3BF8 /* BKAPIEngine+Product.m */ = {isa = PBXFileReference; fileEncoding = 4; lastKnownFileType = sourcecode.c.objc; path = "BKAPIEngine+Product.m"; sourceTree = "<group>"; };
		76D256A318CF69A0006C3BF8 /* BKRequest.h */ = {isa = PBXFileReference; fileEncoding = 4; lastKnownFileType = sourcecode.c.h; path = BKRequest.h; sourceTree = "<group>"; };
		76D256A418CF69A0006C3BF8 /* BKRequest.m */ = {isa = PBXFileReference; fileEncoding = 4; lastKnownFileType = sourcecode.c.objc; path = BKRequest.m; sourceTree = "<group>"; };
/* End PBXFileReference section */

/* Begin PBXFrameworksBuildPhase section */
		76D2560518CF5240006C3BF8 /* Frameworks */ = {
			isa = PBXFrameworksBuildPhase;
			buildActionMask = 2147483647;
			files = (
				76D2560C18CF5240006C3BF8 /* Foundation.framework in Frameworks */,
			);
			runOnlyForDeploymentPostprocessing = 0;
		};
		76D2561518CF5240006C3BF8 /* Frameworks */ = {
			isa = PBXFrameworksBuildPhase;
			buildActionMask = 2147483647;
			files = (
				76D2561A18CF5240006C3BF8 /* XCTest.framework in Frameworks */,
				76D2562018CF5240006C3BF8 /* libBifubaoKit.a in Frameworks */,
				76D2561D18CF5240006C3BF8 /* UIKit.framework in Frameworks */,
				76D2561B18CF5240006C3BF8 /* Foundation.framework in Frameworks */,
			);
			runOnlyForDeploymentPostprocessing = 0;
		};
/* End PBXFrameworksBuildPhase section */

/* Begin PBXGroup section */
		76D255FF18CF5240006C3BF8 = {
			isa = PBXGroup;
			children = (
				76D2563118CF56DE006C3BF8 /* Vendor */,
				76D2560D18CF5240006C3BF8 /* BifubaoKit */,
				76D2562118CF5240006C3BF8 /* BifubaoKitTests */,
				76D2560A18CF5240006C3BF8 /* Frameworks */,
				76D2560918CF5240006C3BF8 /* Products */,
			);
			sourceTree = "<group>";
		};
		76D2560918CF5240006C3BF8 /* Products */ = {
			isa = PBXGroup;
			children = (
				76D2560818CF5240006C3BF8 /* libBifubaoKit.a */,
				76D2561818CF5240006C3BF8 /* BifubaoKitTests.xctest */,
			);
			name = Products;
			sourceTree = "<group>";
		};
		76D2560A18CF5240006C3BF8 /* Frameworks */ = {
			isa = PBXGroup;
			children = (
				76D2560B18CF5240006C3BF8 /* Foundation.framework */,
				76D2561918CF5240006C3BF8 /* XCTest.framework */,
				76D2561C18CF5240006C3BF8 /* UIKit.framework */,
			);
			name = Frameworks;
			sourceTree = "<group>";
		};
		76D2560D18CF5240006C3BF8 /* BifubaoKit */ = {
			isa = PBXGroup;
			children = (
				76D2565818CF5886006C3BF8 /* BifubaoKit.h */,
				76D2566318CF5C87006C3BF8 /* BKMacroDefines.h */,
				76D2566D18CF6198006C3BF8 /* Util */,
				76D2566218CF5BBB006C3BF8 /* Object */,
				76D2566118CF5BB7006C3BF8 /* API */,
				76D2560E18CF5240006C3BF8 /* Supporting Files */,
			);
			path = BifubaoKit;
			sourceTree = "<group>";
		};
		76D2560E18CF5240006C3BF8 /* Supporting Files */ = {
			isa = PBXGroup;
			children = (
				76D2560F18CF5240006C3BF8 /* BifubaoKit-Prefix.pch */,
			);
			name = "Supporting Files";
			sourceTree = "<group>";
		};
		76D2562118CF5240006C3BF8 /* BifubaoKitTests */ = {
			isa = PBXGroup;
			children = (
				76D2562718CF5240006C3BF8 /* BifubaoKitTests.m */,
				76D2562218CF5240006C3BF8 /* Supporting Files */,
			);
			path = BifubaoKitTests;
			sourceTree = "<group>";
		};
		76D2562218CF5240006C3BF8 /* Supporting Files */ = {
			isa = PBXGroup;
			children = (
				76D2562318CF5240006C3BF8 /* BifubaoKitTests-Info.plist */,
				76D2562418CF5240006C3BF8 /* InfoPlist.strings */,
			);
			name = "Supporting Files";
			sourceTree = "<group>";
		};
		76D2563118CF56DE006C3BF8 /* Vendor */ = {
			isa = PBXGroup;
			children = (
				76D2563218CF56EC006C3BF8 /* AFNetworking */,
			);
			name = Vendor;
			sourceTree = "<group>";
		};
		76D2563218CF56EC006C3BF8 /* AFNetworking */ = {
			isa = PBXGroup;
			children = (
				76D2563318CF56EC006C3BF8 /* AFHTTPRequestOperation.h */,
				76D2563418CF56EC006C3BF8 /* AFHTTPRequestOperation.m */,
				76D2563518CF56EC006C3BF8 /* AFHTTPRequestOperationManager.h */,
				76D2563618CF56EC006C3BF8 /* AFHTTPRequestOperationManager.m */,
				76D2563718CF56EC006C3BF8 /* AFHTTPSessionManager.h */,
				76D2563818CF56EC006C3BF8 /* AFHTTPSessionManager.m */,
				76D2563918CF56EC006C3BF8 /* AFNetworking.h */,
				76D2563A18CF56EC006C3BF8 /* AFNetworkReachabilityManager.h */,
				76D2563B18CF56EC006C3BF8 /* AFNetworkReachabilityManager.m */,
				76D2563C18CF56EC006C3BF8 /* AFSecurityPolicy.h */,
				76D2563D18CF56EC006C3BF8 /* AFSecurityPolicy.m */,
				76D2563E18CF56EC006C3BF8 /* AFURLConnectionOperation.h */,
				76D2563F18CF56EC006C3BF8 /* AFURLConnectionOperation.m */,
				76D2564018CF56EC006C3BF8 /* AFURLRequestSerialization.h */,
				76D2564118CF56EC006C3BF8 /* AFURLRequestSerialization.m */,
				76D2564218CF56EC006C3BF8 /* AFURLResponseSerialization.h */,
				76D2564318CF56EC006C3BF8 /* AFURLResponseSerialization.m */,
				76D2564418CF56EC006C3BF8 /* AFURLSessionManager.h */,
				76D2564518CF56EC006C3BF8 /* AFURLSessionManager.m */,
			);
			name = AFNetworking;
			path = Vendor/AFNetworking/AFNetworking;
			sourceTree = "<group>";
		};
		76D2566118CF5BB7006C3BF8 /* API */ = {
			isa = PBXGroup;
			children = (
				76D2567718CF6789006C3BF8 /* BKAPIEngineDefines.h */,
				76D256A218CF690F006C3BF8 /* Engine */,
				76D2569818CF68A1006C3BF8 /* User */,
				76D256A118CF6903006C3BF8 /* Phone */,
				76D256A018CF68FA006C3BF8 /* App */,
				76D2569F18CF68F3006C3BF8 /* TX */,
				76D2569E18CF68E7006C3BF8 /* Exchange */,
				76D2569D18CF68DC006C3BF8 /* Contact */,
				76D2569C18CF68D2006C3BF8 /* Address */,
				76D2569B18CF68C1006C3BF8 /* Order */,
				76D2569A18CF68B5006C3BF8 /* Product */,
			);
			name = API;
			sourceTree = "<group>";
		};
		76D2566218CF5BBB006C3BF8 /* Object */ = {
			isa = PBXGroup;
			children = (
				76D2567618CF674D006C3BF8 /* BKObjectDefines.h */,
				76D2567218CF6388006C3BF8 /* BKSession.h */,
				76D2567318CF6388006C3BF8 /* BKSession.m */,
				76D2566918CF5EE0006C3BF8 /* BKUser.h */,
				76D2566A18CF5EE0006C3BF8 /* BKUser.m */,
			);
			name = Object;
			sourceTree = "<group>";
		};
		76D2566D18CF6198006C3BF8 /* Util */ = {
			isa = PBXGroup;
			children = (
				76D2566E18CF61A7006C3BF8 /* NSString+Date.h */,
				76D2566F18CF61A7006C3BF8 /* NSString+Date.m */,
			);
			name = Util;
			sourceTree = "<group>";
		};
		76D2569818CF68A1006C3BF8 /* User */ = {
			isa = PBXGroup;
			children = (
				76D2566418CF5D04006C3BF8 /* BKAPIEngine+User.h */,
				76D2566518CF5D04006C3BF8 /* BKAPIEngine+User.m */,
			);
			name = User;
			sourceTree = "<group>";
		};
		76D2569A18CF68B5006C3BF8 /* Product */ = {
			isa = PBXGroup;
			children = (
				76D2569418CF6893006C3BF8 /* BKAPIEngine+Product.h */,
				76D2569518CF6893006C3BF8 /* BKAPIEngine+Product.m */,
			);
			name = Product;
			sourceTree = "<group>";
		};
		76D2569B18CF68C1006C3BF8 /* Order */ = {
			isa = PBXGroup;
			children = (
				76D2569018CF6883006C3BF8 /* BKAPIEngine+Order.h */,
				76D2569118CF6883006C3BF8 /* BKAPIEngine+Order.m */,
			);
			name = Order;
			sourceTree = "<group>";
		};
		76D2569C18CF68D2006C3BF8 /* Address */ = {
			isa = PBXGroup;
			children = (
				76D2568C18CF6873006C3BF8 /* BKAPIEngine+Address.h */,
				76D2568D18CF6873006C3BF8 /* BKAPIEngine+Address.m */,
			);
			name = Address;
			sourceTree = "<group>";
		};
		76D2569D18CF68DC006C3BF8 /* Contact */ = {
			isa = PBXGroup;
			children = (
				76D2568818CF685B006C3BF8 /* BKAPIEngine+Contact.h */,
				76D2568918CF685B006C3BF8 /* BKAPIEngine+Contact.m */,
			);
			name = Contact;
			sourceTree = "<group>";
		};
		76D2569E18CF68E7006C3BF8 /* Exchange */ = {
			isa = PBXGroup;
			children = (
				76D2568418CF6846006C3BF8 /* BKAPIEngine+Exchange.h */,
				76D2568518CF6846006C3BF8 /* BKAPIEngine+Exchange.m */,
			);
			name = Exchange;
			sourceTree = "<group>";
		};
		76D2569F18CF68F3006C3BF8 /* TX */ = {
			isa = PBXGroup;
			children = (
				76D2568018CF6832006C3BF8 /* BKAPIEngine+TX.h */,
				76D2568118CF6832006C3BF8 /* BKAPIEngine+TX.m */,
			);
			name = TX;
			sourceTree = "<group>";
		};
		76D256A018CF68FA006C3BF8 /* App */ = {
			isa = PBXGroup;
			children = (
				76D2567C18CF681A006C3BF8 /* BKAPIEngine+App.h */,
				76D2567D18CF681A006C3BF8 /* BKAPIEngine+App.m */,
			);
			name = App;
			sourceTree = "<group>";
		};
		76D256A118CF6903006C3BF8 /* Phone */ = {
			isa = PBXGroup;
			children = (
				76D2567818CF6804006C3BF8 /* BKAPIEngine+Phone.h */,
				76D2567918CF6804006C3BF8 /* BKAPIEngine+Phone.m */,
			);
			name = Phone;
			sourceTree = "<group>";
		};
		76D256A218CF690F006C3BF8 /* Engine */ = {
			isa = PBXGroup;
			children = (
				76D256A718CF69A7006C3BF8 /* Object */,
				76D2565918CF58F6006C3BF8 /* BKAPIEngine.h */,
				76D2565A18CF58F6006C3BF8 /* BKAPIEngine.m */,
			);
			name = Engine;
			sourceTree = "<group>";
		};
		76D256A718CF69A7006C3BF8 /* Object */ = {
			isa = PBXGroup;
			children = (
				76D256A318CF69A0006C3BF8 /* BKRequest.h */,
				76D256A418CF69A0006C3BF8 /* BKRequest.m */,
				76D2565D18CF593B006C3BF8 /* BKResponse.h */,
				76D2565E18CF593B006C3BF8 /* BKResponse.m */,
				766B9F9C18FAC0FE00BF2AB2 /* AFHTTPSessionManager+BKRequest.h */,
				766B9F9D18FAC0FE00BF2AB2 /* AFHTTPSessionManager+BKRequest.m */,
			);
			name = Object;
			sourceTree = "<group>";
		};
/* End PBXGroup section */

/* Begin PBXNativeTarget section */
		76D2560718CF5240006C3BF8 /* BifubaoKit */ = {
			isa = PBXNativeTarget;
			buildConfigurationList = 76D2562B18CF5240006C3BF8 /* Build configuration list for PBXNativeTarget "BifubaoKit" */;
			buildPhases = (
				76D2560418CF5240006C3BF8 /* Sources */,
				76D2560518CF5240006C3BF8 /* Frameworks */,
				76D2560618CF5240006C3BF8 /* CopyFiles */,
			);
			buildRules = (
			);
			dependencies = (
			);
			name = BifubaoKit;
			productName = BifubaoKit;
			productReference = 76D2560818CF5240006C3BF8 /* libBifubaoKit.a */;
			productType = "com.apple.product-type.library.static";
		};
		76D2561718CF5240006C3BF8 /* BifubaoKitTests */ = {
			isa = PBXNativeTarget;
			buildConfigurationList = 76D2562E18CF5240006C3BF8 /* Build configuration list for PBXNativeTarget "BifubaoKitTests" */;
			buildPhases = (
				76D2561418CF5240006C3BF8 /* Sources */,
				76D2561518CF5240006C3BF8 /* Frameworks */,
				76D2561618CF5240006C3BF8 /* Resources */,
			);
			buildRules = (
			);
			dependencies = (
				76D2561F18CF5240006C3BF8 /* PBXTargetDependency */,
			);
			name = BifubaoKitTests;
			productName = BifubaoKitTests;
			productReference = 76D2561818CF5240006C3BF8 /* BifubaoKitTests.xctest */;
			productType = "com.apple.product-type.bundle.unit-test";
		};
/* End PBXNativeTarget section */

/* Begin PBXProject section */
		76D2560018CF5240006C3BF8 /* Project object */ = {
			isa = PBXProject;
			attributes = {
				LastUpgradeCheck = 0500;
				ORGANIZATIONNAME = coinfo;
			};
			buildConfigurationList = 76D2560318CF5240006C3BF8 /* Build configuration list for PBXProject "BifubaoKit" */;
			compatibilityVersion = "Xcode 3.2";
			developmentRegion = English;
			hasScannedForEncodings = 0;
			knownRegions = (
				en,
			);
			mainGroup = 76D255FF18CF5240006C3BF8;
			productRefGroup = 76D2560918CF5240006C3BF8 /* Products */;
			projectDirPath = "";
			projectRoot = "";
			targets = (
				76D2560718CF5240006C3BF8 /* BifubaoKit */,
				76D2561718CF5240006C3BF8 /* BifubaoKitTests */,
			);
		};
/* End PBXProject section */

/* Begin PBXResourcesBuildPhase section */
		76D2561618CF5240006C3BF8 /* Resources */ = {
			isa = PBXResourcesBuildPhase;
			buildActionMask = 2147483647;
			files = (
				76D2562618CF5240006C3BF8 /* InfoPlist.strings in Resources */,
			);
			runOnlyForDeploymentPostprocessing = 0;
		};
/* End PBXResourcesBuildPhase section */

/* Begin PBXSourcesBuildPhase section */
		76D2560418CF5240006C3BF8 /* Sources */ = {
			isa = PBXSourcesBuildPhase;
			buildActionMask = 2147483647;
			files = (
				76D2568A18CF685B006C3BF8 /* BKAPIEngine+Contact.m in Sources */,
				76D2567A18CF6804006C3BF8 /* BKAPIEngine+Phone.m in Sources */,
				76D2566618CF5D04006C3BF8 /* BKAPIEngine+User.m in Sources */,
				76D2565018CF56EC006C3BF8 /* AFURLConnectionOperation.m in Sources */,
				76D2568218CF6832006C3BF8 /* BKAPIEngine+TX.m in Sources */,
				76D2567418CF6388006C3BF8 /* BKSession.m in Sources */,
				76D2565B18CF58F6006C3BF8 /* BKAPIEngine.m in Sources */,
				766B9F9E18FAC0FE00BF2AB2 /* AFHTTPSessionManager+BKRequest.m in Sources */,
				76D2569618CF6893006C3BF8 /* BKAPIEngine+Product.m in Sources */,
				76D2565418CF56EC006C3BF8 /* AFURLResponseSerialization.m in Sources */,
				76D2569218CF6883006C3BF8 /* BKAPIEngine+Order.m in Sources */,
				76D2564618CF56EC006C3BF8 /* AFHTTPRequestOperation.m in Sources */,
				76D2568618CF6846006C3BF8 /* BKAPIEngine+Exchange.m in Sources */,
				76D2565F18CF593B006C3BF8 /* BKResponse.m in Sources */,
				76D2564C18CF56EC006C3BF8 /* AFNetworkReachabilityManager.m in Sources */,
				76D2565618CF56EC006C3BF8 /* AFURLSessionManager.m in Sources */,
				76D2568E18CF6873006C3BF8 /* BKAPIEngine+Address.m in Sources */,
				76D2564818CF56EC006C3BF8 /* AFHTTPRequestOperationManager.m in Sources */,
				76D2564E18CF56EC006C3BF8 /* AFSecurityPolicy.m in Sources */,
				76D2564A18CF56EC006C3BF8 /* AFHTTPSessionManager.m in Sources */,
				76D2565218CF56EC006C3BF8 /* AFURLRequestSerialization.m in Sources */,
				76D256A518CF69A0006C3BF8 /* BKRequest.m in Sources */,
				76D2566B18CF5EE0006C3BF8 /* BKUser.m in Sources */,
				76D2567E18CF681A006C3BF8 /* BKAPIEngine+App.m in Sources */,
				76D2567018CF61A7006C3BF8 /* NSString+Date.m in Sources */,
			);
			runOnlyForDeploymentPostprocessing = 0;
		};
		76D2561418CF5240006C3BF8 /* Sources */ = {
			isa = PBXSourcesBuildPhase;
			buildActionMask = 2147483647;
			files = (
				76D2568718CF6846006C3BF8 /* BKAPIEngine+Exchange.m in Sources */,
				76D2565118CF56EC006C3BF8 /* AFURLConnectionOperation.m in Sources */,
				76D256A618CF69A0006C3BF8 /* BKRequest.m in Sources */,
				76D2568F18CF6873006C3BF8 /* BKAPIEngine+Address.m in Sources */,
				76D2565518CF56EC006C3BF8 /* AFURLResponseSerialization.m in Sources */,
				76D2564718CF56EC006C3BF8 /* AFHTTPRequestOperation.m in Sources */,
				76D2568318CF6832006C3BF8 /* BKAPIEngine+TX.m in Sources */,
				76D2562818CF5240006C3BF8 /* BifubaoKitTests.m in Sources */,
				76D2564D18CF56EC006C3BF8 /* AFNetworkReachabilityManager.m in Sources */,
				76D2565718CF56EC006C3BF8 /* AFURLSessionManager.m in Sources */,
				76D2565C18CF58F6006C3BF8 /* BKAPIEngine.m in Sources */,
				76D2567B18CF6804006C3BF8 /* BKAPIEngine+Phone.m in Sources */,
				76D2567518CF6388006C3BF8 /* BKSession.m in Sources */,
				76D2569318CF6883006C3BF8 /* BKAPIEngine+Order.m in Sources */,
				76D2566018CF593B006C3BF8 /* BKResponse.m in Sources */,
				76D2564918CF56EC006C3BF8 /* AFHTTPRequestOperationManager.m in Sources */,
				76D2564F18CF56EC006C3BF8 /* AFSecurityPolicy.m in Sources */,
				76D2568B18CF685B006C3BF8 /* BKAPIEngine+Contact.m in Sources */,
				76D2569718CF6893006C3BF8 /* BKAPIEngine+Product.m in Sources */,
				76D2567118CF61A7006C3BF8 /* NSString+Date.m in Sources */,
				76D2567F18CF681A006C3BF8 /* BKAPIEngine+App.m in Sources */,
				76D2564B18CF56EC006C3BF8 /* AFHTTPSessionManager.m in Sources */,
				76D2566C18CF5EE0006C3BF8 /* BKUser.m in Sources */,
				76D2566718CF5D04006C3BF8 /* BKAPIEngine+User.m in Sources */,
				76D2565318CF56EC006C3BF8 /* AFURLRequestSerialization.m in Sources */,
			);
			runOnlyForDeploymentPostprocessing = 0;
		};
/* End PBXSourcesBuildPhase section */

/* Begin PBXTargetDependency section */
		76D2561F18CF5240006C3BF8 /* PBXTargetDependency */ = {
			isa = PBXTargetDependency;
			target = 76D2560718CF5240006C3BF8 /* BifubaoKit */;
			targetProxy = 76D2561E18CF5240006C3BF8 /* PBXContainerItemProxy */;
		};
/* End PBXTargetDependency section */

/* Begin PBXVariantGroup section */
		76D2562418CF5240006C3BF8 /* InfoPlist.strings */ = {
			isa = PBXVariantGroup;
			children = (
				76D2562518CF5240006C3BF8 /* en */,
			);
			name = InfoPlist.strings;
			sourceTree = "<group>";
		};
/* End PBXVariantGroup section */

/* Begin XCBuildConfiguration section */
		76D2562918CF5240006C3BF8 /* Debug */ = {
			isa = XCBuildConfiguration;
			buildSettings = {
				ALWAYS_SEARCH_USER_PATHS = NO;
				ARCHS = "$(ARCHS_STANDARD_INCLUDING_64_BIT)";
				CLANG_CXX_LANGUAGE_STANDARD = "gnu++0x";
				CLANG_CXX_LIBRARY = "libc++";
				CLANG_ENABLE_MODULES = YES;
				CLANG_ENABLE_OBJC_ARC = YES;
				CLANG_WARN_BOOL_CONVERSION = YES;
				CLANG_WARN_CONSTANT_CONVERSION = YES;
				CLANG_WARN_DIRECT_OBJC_ISA_USAGE = YES_ERROR;
				CLANG_WARN_EMPTY_BODY = YES;
				CLANG_WARN_ENUM_CONVERSION = YES;
				CLANG_WARN_INT_CONVERSION = YES;
				CLANG_WARN_OBJC_ROOT_CLASS = YES_ERROR;
				CLANG_WARN__DUPLICATE_METHOD_MATCH = YES;
				COPY_PHASE_STRIP = NO;
				GCC_C_LANGUAGE_STANDARD = gnu99;
				GCC_DYNAMIC_NO_PIC = NO;
				GCC_OPTIMIZATION_LEVEL = 0;
				GCC_PREPROCESSOR_DEFINITIONS = (
					"DEBUG=1",
					"$(inherited)",
				);
				GCC_SYMBOLS_PRIVATE_EXTERN = NO;
				GCC_WARN_64_TO_32_BIT_CONVERSION = YES;
				GCC_WARN_ABOUT_RETURN_TYPE = YES_ERROR;
				GCC_WARN_UNDECLARED_SELECTOR = YES;
				GCC_WARN_UNINITIALIZED_AUTOS = YES;
				GCC_WARN_UNUSED_FUNCTION = YES;
				GCC_WARN_UNUSED_VARIABLE = YES;
				IPHONEOS_DEPLOYMENT_TARGET = 7.0;
				ONLY_ACTIVE_ARCH = YES;
				SDKROOT = iphoneos;
			};
			name = Debug;
		};
		76D2562A18CF5240006C3BF8 /* Release */ = {
			isa = XCBuildConfiguration;
			buildSettings = {
				ALWAYS_SEARCH_USER_PATHS = NO;
				ARCHS = "$(ARCHS_STANDARD_INCLUDING_64_BIT)";
				CLANG_CXX_LANGUAGE_STANDARD = "gnu++0x";
				CLANG_CXX_LIBRARY = "libc++";
				CLANG_ENABLE_MODULES = YES;
				CLANG_ENABLE_OBJC_ARC = YES;
				CLANG_WARN_BOOL_CONVERSION = YES;
				CLANG_WARN_CONSTANT_CONVERSION = YES;
				CLANG_WARN_DIRECT_OBJC_ISA_USAGE = YES_ERROR;
				CLANG_WARN_EMPTY_BODY = YES;
				CLANG_WARN_ENUM_CONVERSION = YES;
				CLANG_WARN_INT_CONVERSION = YES;
				CLANG_WARN_OBJC_ROOT_CLASS = YES_ERROR;
				CLANG_WARN__DUPLICATE_METHOD_MATCH = YES;
				COPY_PHASE_STRIP = YES;
				ENABLE_NS_ASSERTIONS = NO;
				GCC_C_LANGUAGE_STANDARD = gnu99;
				GCC_WARN_64_TO_32_BIT_CONVERSION = YES;
				GCC_WARN_ABOUT_RETURN_TYPE = YES_ERROR;
				GCC_WARN_UNDECLARED_SELECTOR = YES;
				GCC_WARN_UNINITIALIZED_AUTOS = YES;
				GCC_WARN_UNUSED_FUNCTION = YES;
				GCC_WARN_UNUSED_VARIABLE = YES;
				IPHONEOS_DEPLOYMENT_TARGET = 7.0;
				SDKROOT = iphoneos;
				VALIDATE_PRODUCT = YES;
			};
			name = Release;
		};
		76D2562C18CF5240006C3BF8 /* Debug */ = {
			isa = XCBuildConfiguration;
			buildSettings = {
				DSTROOT = /tmp/BifubaoKit.dst;
				GCC_PRECOMPILE_PREFIX_HEADER = YES;
				GCC_PREFIX_HEADER = "BifubaoKit/BifubaoKit-Prefix.pch";
				IPHONEOS_DEPLOYMENT_TARGET = 6.0;
				OTHER_LDFLAGS = "-ObjC";
				PRODUCT_NAME = "$(TARGET_NAME)";
				SKIP_INSTALL = YES;
			};
			name = Debug;
		};
		76D2562D18CF5240006C3BF8 /* Release */ = {
			isa = XCBuildConfiguration;
			buildSettings = {
				DSTROOT = /tmp/BifubaoKit.dst;
				GCC_PRECOMPILE_PREFIX_HEADER = YES;
				GCC_PREFIX_HEADER = "BifubaoKit/BifubaoKit-Prefix.pch";
				IPHONEOS_DEPLOYMENT_TARGET = 6.0;
				OTHER_LDFLAGS = "-ObjC";
				PRODUCT_NAME = "$(TARGET_NAME)";
				SKIP_INSTALL = YES;
			};
			name = Release;
		};
		76D2562F18CF5240006C3BF8 /* Debug */ = {
			isa = XCBuildConfiguration;
			buildSettings = {
				ARCHS = "$(ARCHS_STANDARD_INCLUDING_64_BIT)";
				FRAMEWORK_SEARCH_PATHS = (
					"$(SDKROOT)/Developer/Library/Frameworks",
					"$(inherited)",
					"$(DEVELOPER_FRAMEWORKS_DIR)",
				);
				GCC_PRECOMPILE_PREFIX_HEADER = YES;
				GCC_PREFIX_HEADER = "BifubaoKit/BifubaoKit-Prefix.pch";
				GCC_PREPROCESSOR_DEFINITIONS = (
					"DEBUG=1",
					"$(inherited)",
				);
				INFOPLIST_FILE = "BifubaoKitTests/BifubaoKitTests-Info.plist";
				PRODUCT_NAME = "$(TARGET_NAME)";
				WRAPPER_EXTENSION = xctest;
			};
			name = Debug;
		};
		76D2563018CF5240006C3BF8 /* Release */ = {
			isa = XCBuildConfiguration;
			buildSettings = {
				ARCHS = "$(ARCHS_STANDARD_INCLUDING_64_BIT)";
				FRAMEWORK_SEARCH_PATHS = (
					"$(SDKROOT)/Developer/Library/Frameworks",
					"$(inherited)",
					"$(DEVELOPER_FRAMEWORKS_DIR)",
				);
				GCC_PRECOMPILE_PREFIX_HEADER = YES;
				GCC_PREFIX_HEADER = "BifubaoKit/BifubaoKit-Prefix.pch";
				INFOPLIST_FILE = "BifubaoKitTests/BifubaoKitTests-Info.plist";
				PRODUCT_NAME = "$(TARGET_NAME)";
				WRAPPER_EXTENSION = xctest;
			};
			name = Release;
		};
/* End XCBuildConfiguration section */

/* Begin XCConfigurationList section */
		76D2560318CF5240006C3BF8 /* Build configuration list for PBXProject "BifubaoKit" */ = {
			isa = XCConfigurationList;
			buildConfigurations = (
				76D2562918CF5240006C3BF8 /* Debug */,
				76D2562A18CF5240006C3BF8 /* Release */,
			);
			defaultConfigurationIsVisible = 0;
			defaultConfigurationName = Release;
		};
		76D2562B18CF5240006C3BF8 /* Build configuration list for PBXNativeTarget "BifubaoKit" */ = {
			isa = XCConfigurationList;
			buildConfigurations = (
				76D2562C18CF5240006C3BF8 /* Debug */,
				76D2562D18CF5240006C3BF8 /* Release */,
			);
			defaultConfigurationIsVisible = 0;
			defaultConfigurationName = Release;
		};
		76D2562E18CF5240006C3BF8 /* Build configuration list for PBXNativeTarget "BifubaoKitTests" */ = {
			isa = XCConfigurationList;
			buildConfigurations = (
				76D2562F18CF5240006C3BF8 /* Debug */,
				76D2563018CF5240006C3BF8 /* Release */,
			);
			defaultConfigurationIsVisible = 0;
			defaultConfigurationName = Release;
		};
/* End XCConfigurationList section */
	};
	rootObject = 76D2560018CF5240006C3BF8 /* Project object */;
}
